
Microsoft Visual Studio Solution File, Format Version 12.00
# Visual Studio 14
VisualStudioVersion = 14.0.25420.1
MinimumVisualStudioVersion = 10.0.40219.1
Project("{2150E333-8FDC-42A3-9474-1A3956D46DE8}") = "sln", "sln", "{32FDC8DC-9B37-4882-91BF-2B81B65C88CC}"
EndProject
Project("{2150E333-8FDC-42A3-9474-1A3956D46DE8}") = "variants", "variants", "{ED6A87FF-4024-4BFC-BE21-DB032E56EC5D}"
EndProject
Project("{2150E333-8FDC-42A3-9474-1A3956D46DE8}") = "src", "src", "{AD614E33-466C-410B-B913-3B60D96F607C}"
EndProject
Project("{2150E333-8FDC-42A3-9474-1A3956D46DE8}") = "dependencies", "dependencies", "{BB2FC9AC-3B69-4BA0-9473-CAEA366FB7CA}"
	ProjectSection(SolutionItems) = preProject
		paket.dependencies = paket.dependencies
	EndProjectSection
EndProject
Project("{F2A71F9B-5D33-465A-A702-920D77279786}") = "TodoBackend", "src\TodoBackend\TodoBackend.fsproj", "{2F821931-4496-4010-9D56-EF8C5844F44F}"
EndProject
Global
	GlobalSection(SolutionConfigurationPlatforms) = preSolution
		Debug|Any CPU = Debug|Any CPU
		Release|Any CPU = Release|Any CPU
	EndGlobalSection
	GlobalSection(ProjectConfigurationPlatforms) = postSolution
		{2F821931-4496-4010-9D56-EF8C5844F44F}.Debug|Any CPU.ActiveCfg = Debug|Any CPU
		{2F821931-4496-4010-9D56-EF8C5844F44F}.Debug|Any CPU.Build.0 = Debug|Any CPU
		{2F821931-4496-4010-9D56-EF8C5844F44F}.Release|Any CPU.ActiveCfg = Release|Any CPU
		{2F821931-4496-4010-9D56-EF8C5844F44F}.Release|Any CPU.Build.0 = Release|Any CPU
	EndGlobalSection
	GlobalSection(SolutionProperties) = preSolution
		HideSolutionNode = FALSE
	EndGlobalSection
	GlobalSection(NestedProjects) = preSolution
		{AD614E33-466C-410B-B913-3B60D96F607C} = {ED6A87FF-4024-4BFC-BE21-DB032E56EC5D}
		{BB2FC9AC-3B69-4BA0-9473-CAEA366FB7CA} = {32FDC8DC-9B37-4882-91BF-2B81B65C88CC}
		{2F821931-4496-4010-9D56-EF8C5844F44F} = {AD614E33-466C-410B-B913-3B60D96F607C}
	EndGlobalSection
EndGlobal
